
Microsoft Visual Studio Solution File, Format Version 12.00
# Visual Studio Version 16
VisualStudioVersion = 25.0.1706.12
MinimumVisualStudioVersion = 10.0.40219.1
Project("{FAE04EC0-301F-11D3-BF4B-00C04F79EFBC}") = "ConsoleApplication", "ConsoleApplication\ConsoleApplication.csproj", "{40CC5C6E-B6E9-4D69-9688-4C243E496BDC}"
EndProject
Global
	GlobalSection(SolutionConfigurationPlatforms) = preSolution
		Debug|Any CPU = Debug|Any CPU
		Release|Any CPU = Release|Any CPU
	EndGlobalSection
	GlobalSection(ProjectConfigurationPlatforms) = postSolution
		{40CC5C6E-B6E9-4D69-9688-4C243E496BDC}.Debug|Any CPU.ActiveCfg = Debug|Any CPU
		{40CC5C6E-B6E9-4D69-9688-4C243E496BDC}.Debug|Any CPU.Build.0 = Debug|Any CPU
		{40CC5C6E-B6E9-4D69-9688-4C243E496BDC}.Release|Any CPU.ActiveCfg = Release|Any CPU
		{40CC5C6E-B6E9-4D69-9688-4C243E496BDC}.Release|Any CPU.Build.0 = Release|Any CPU
	EndGlobalSection
	GlobalSection(SolutionProperties) = preSolution
		HideSolutionNode = FALSE
	EndGlobalSection
	GlobalSection(ExtensibilityGlobals) = postSolution
		SolutionGuid = {CE9EB638-C9FC-4CF1-B672-0392D8768FA2}
	EndGlobalSection
EndGlobal
